
Microsoft Visual Studio Solution File, Format Version 12.00
# Visual Studio 15
VisualStudioVersion = 15.0.28307.1145
MinimumVisualStudioVersion = 10.0.40219.1
Project("{8BC9CEB8-8B4A-11D0-8D11-00A0C91BC942}") = "Graph", "Graph.vcxproj", "{C809406A-F125-4ED5-8CC9-0381BC799EED}"
EndProject
Global
	GlobalSection(SolutionConfigurationPlatforms) = preSolution
		Debug|x64 = Debug|x64
		Debug|x86 = Debug|x86
		Release|x64 = Release|x64
		Release|x86 = Release|x86
	EndGlobalSection
	GlobalSection(ProjectConfigurationPlatforms) = postSolution
		{C809406A-F125-4ED5-8CC9-0381BC799EED}.Debug|x64.ActiveCfg = Debug|x64
		{C809406A-F125-4ED5-8CC9-0381BC799EED}.Debug|x64.Build.0 = Debug|x64
		{C809406A-F125-4ED5-8CC9-0381BC799EED}.Debug|x86.ActiveCfg = Debug|Win32
		{C809406A-F125-4ED5-8CC9-0381BC799EED}.Debug|x86.Build.0 = Debug|Win32
		{C809406A-F125-4ED5-8CC9-0381BC799EED}.Release|x64.ActiveCfg = Release|x64
		{C809406A-F125-4ED5-8CC9-0381BC799EED}.Release|x64.Build.0 = Release|x64
		{C809406A-F125-4ED5-8CC9-0381BC799EED}.Release|x86.ActiveCfg = Release|Win32
		{C809406A-F125-4ED5-8CC9-0381BC799EED}.Release|x86.Build.0 = Release|Win32
	EndGlobalSection
	GlobalSection(SolutionProperties) = preSolution
		HideSolutionNode = FALSE
	EndGlobalSection
	GlobalSection(ExtensibilityGlobals) = postSolution
		SolutionGuid = {9FBE51E3-6881-4934-99F2-93D73C19AD38}
	EndGlobalSection
EndGlobal
