
Microsoft Visual Studio Solution File, Format Version 12.00
# Visual Studio 15
VisualStudioVersion = 15.0.28307.1082
MinimumVisualStudioVersion = 10.0.40219.1
Project("{8BC9CEB8-8B4A-11D0-8D11-00A0C91BC942}") = "SelectionSort", "SelectionSort.vcxproj", "{3497F839-D722-4F9E-A090-980F79955EC1}"
EndProject
Project("{8BC9CEB8-8B4A-11D0-8D11-00A0C91BC942}") = "S2", "S2\S2.vcxproj", "{74AD3FDC-ACA6-4C22-AE8E-A27A2943049E}"
EndProject
Global
	GlobalSection(SolutionConfigurationPlatforms) = preSolution
		Debug|x64 = Debug|x64
		Debug|x86 = Debug|x86
		Release|x64 = Release|x64
		Release|x86 = Release|x86
	EndGlobalSection
	GlobalSection(ProjectConfigurationPlatforms) = postSolution
		{3497F839-D722-4F9E-A090-980F79955EC1}.Debug|x64.ActiveCfg = Debug|x64
		{3497F839-D722-4F9E-A090-980F79955EC1}.Debug|x64.Build.0 = Debug|x64
		{3497F839-D722-4F9E-A090-980F79955EC1}.Debug|x86.ActiveCfg = Debug|Win32
		{3497F839-D722-4F9E-A090-980F79955EC1}.Debug|x86.Build.0 = Debug|Win32
		{3497F839-D722-4F9E-A090-980F79955EC1}.Release|x64.ActiveCfg = Release|x64
		{3497F839-D722-4F9E-A090-980F79955EC1}.Release|x64.Build.0 = Release|x64
		{3497F839-D722-4F9E-A090-980F79955EC1}.Release|x86.ActiveCfg = Release|Win32
		{3497F839-D722-4F9E-A090-980F79955EC1}.Release|x86.Build.0 = Release|Win32
		{74AD3FDC-ACA6-4C22-AE8E-A27A2943049E}.Debug|x64.ActiveCfg = Debug|x64
		{74AD3FDC-ACA6-4C22-AE8E-A27A2943049E}.Debug|x64.Build.0 = Debug|x64
		{74AD3FDC-ACA6-4C22-AE8E-A27A2943049E}.Debug|x86.ActiveCfg = Debug|Win32
		{74AD3FDC-ACA6-4C22-AE8E-A27A2943049E}.Debug|x86.Build.0 = Debug|Win32
		{74AD3FDC-ACA6-4C22-AE8E-A27A2943049E}.Release|x64.ActiveCfg = Release|x64
		{74AD3FDC-ACA6-4C22-AE8E-A27A2943049E}.Release|x64.Build.0 = Release|x64
		{74AD3FDC-ACA6-4C22-AE8E-A27A2943049E}.Release|x86.ActiveCfg = Release|Win32
		{74AD3FDC-ACA6-4C22-AE8E-A27A2943049E}.Release|x86.Build.0 = Release|Win32
	EndGlobalSection
	GlobalSection(SolutionProperties) = preSolution
		HideSolutionNode = FALSE
	EndGlobalSection
	GlobalSection(ExtensibilityGlobals) = postSolution
		SolutionGuid = {325897A9-762F-458D-BBD2-465FA8D8D110}
	EndGlobalSection
EndGlobal
